
Microsoft Visual Studio Solution File, Format Version 12.00
# Visual Studio Version 17
VisualStudioVersion = 17.4.33110.190
MinimumVisualStudioVersion = 10.0.40219.1
Project("{9A19103F-16F7-4668-BE54-9A1E7A4F7556}") = "GMS.Api", "GMS\GMS.Api.csproj", "{FFFE19FE-6C3F-4294-9ED0-A19318C102E2}"
EndProject
Project("{9A19103F-16F7-4668-BE54-9A1E7A4F7556}") = "GMS.Application", "GMS.Application\GMS.Application.csproj", "{D2E3A115-FA39-401C-BB4E-8DC5C5BBF83D}"
EndProject
Project("{9A19103F-16F7-4668-BE54-9A1E7A4F7556}") = "GMS.Infrastructure", "GMS.Infrastructure\GMS.Infrastructure.csproj", "{58E1E270-21D7-42A4-B723-C71068D77DF6}"
EndProject
Project("{9A19103F-16F7-4668-BE54-9A1E7A4F7556}") = "GMS.Domain", "GMS.Domain\GMS.Domain.csproj", "{D87A4CE1-DE72-4480-86FB-64279517D8CC}"
EndProject
Project("{9A19103F-16F7-4668-BE54-9A1E7A4F7556}") = "GMS.Contracts", "GMS.Contracts\GMS.Contracts.csproj", "{2FF3A524-2DEA-4460-974E-9C87DA374CF5}"
EndProject
Project("{2150E333-8FDC-42A3-9474-1A3956D46DE8}") = "Core", "Core", "{C18C8CEA-8783-4BB7-B7C9-721F7087796D}"
EndProject
Project("{2150E333-8FDC-42A3-9474-1A3956D46DE8}") = "src", "src", "{07352AFC-E5E3-41E3-8BE7-5FD860F3614F}"
EndProject
Project("{2150E333-8FDC-42A3-9474-1A3956D46DE8}") = "Infrastructure", "Infrastructure", "{B8070F30-810F-4BB6-A208-14C6CA933AB8}"
EndProject
Project("{2150E333-8FDC-42A3-9474-1A3956D46DE8}") = "WebApi", "WebApi", "{2C43BDA1-C780-4F6C-9B4E-1E349D207CF9}"
EndProject
Global
	GlobalSection(SolutionConfigurationPlatforms) = preSolution
		Debug|Any CPU = Debug|Any CPU
		Release|Any CPU = Release|Any CPU
	EndGlobalSection
	GlobalSection(ProjectConfigurationPlatforms) = postSolution
		{FFFE19FE-6C3F-4294-9ED0-A19318C102E2}.Debug|Any CPU.ActiveCfg = Debug|Any CPU
		{FFFE19FE-6C3F-4294-9ED0-A19318C102E2}.Debug|Any CPU.Build.0 = Debug|Any CPU
		{FFFE19FE-6C3F-4294-9ED0-A19318C102E2}.Release|Any CPU.ActiveCfg = Release|Any CPU
		{FFFE19FE-6C3F-4294-9ED0-A19318C102E2}.Release|Any CPU.Build.0 = Release|Any CPU
		{D2E3A115-FA39-401C-BB4E-8DC5C5BBF83D}.Debug|Any CPU.ActiveCfg = Debug|Any CPU
		{D2E3A115-FA39-401C-BB4E-8DC5C5BBF83D}.Debug|Any CPU.Build.0 = Debug|Any CPU
		{D2E3A115-FA39-401C-BB4E-8DC5C5BBF83D}.Release|Any CPU.ActiveCfg = Release|Any CPU
		{D2E3A115-FA39-401C-BB4E-8DC5C5BBF83D}.Release|Any CPU.Build.0 = Release|Any CPU
		{58E1E270-21D7-42A4-B723-C71068D77DF6}.Debug|Any CPU.ActiveCfg = Debug|Any CPU
		{58E1E270-21D7-42A4-B723-C71068D77DF6}.Debug|Any CPU.Build.0 = Debug|Any CPU
		{58E1E270-21D7-42A4-B723-C71068D77DF6}.Release|Any CPU.ActiveCfg = Release|Any CPU
		{58E1E270-21D7-42A4-B723-C71068D77DF6}.Release|Any CPU.Build.0 = Release|Any CPU
		{D87A4CE1-DE72-4480-86FB-64279517D8CC}.Debug|Any CPU.ActiveCfg = Debug|Any CPU
		{D87A4CE1-DE72-4480-86FB-64279517D8CC}.Debug|Any CPU.Build.0 = Debug|Any CPU
		{D87A4CE1-DE72-4480-86FB-64279517D8CC}.Release|Any CPU.ActiveCfg = Release|Any CPU
		{D87A4CE1-DE72-4480-86FB-64279517D8CC}.Release|Any CPU.Build.0 = Release|Any CPU
		{2FF3A524-2DEA-4460-974E-9C87DA374CF5}.Debug|Any CPU.ActiveCfg = Debug|Any CPU
		{2FF3A524-2DEA-4460-974E-9C87DA374CF5}.Debug|Any CPU.Build.0 = Debug|Any CPU
		{2FF3A524-2DEA-4460-974E-9C87DA374CF5}.Release|Any CPU.ActiveCfg = Release|Any CPU
		{2FF3A524-2DEA-4460-974E-9C87DA374CF5}.Release|Any CPU.Build.0 = Release|Any CPU
	EndGlobalSection
	GlobalSection(SolutionProperties) = preSolution
		HideSolutionNode = FALSE
	EndGlobalSection
	GlobalSection(NestedProjects) = preSolution
		{FFFE19FE-6C3F-4294-9ED0-A19318C102E2} = {2C43BDA1-C780-4F6C-9B4E-1E349D207CF9}
		{D2E3A115-FA39-401C-BB4E-8DC5C5BBF83D} = {C18C8CEA-8783-4BB7-B7C9-721F7087796D}
		{58E1E270-21D7-42A4-B723-C71068D77DF6} = {B8070F30-810F-4BB6-A208-14C6CA933AB8}
		{D87A4CE1-DE72-4480-86FB-64279517D8CC} = {C18C8CEA-8783-4BB7-B7C9-721F7087796D}
		{2FF3A524-2DEA-4460-974E-9C87DA374CF5} = {B8070F30-810F-4BB6-A208-14C6CA933AB8}
		{C18C8CEA-8783-4BB7-B7C9-721F7087796D} = {07352AFC-E5E3-41E3-8BE7-5FD860F3614F}
		{B8070F30-810F-4BB6-A208-14C6CA933AB8} = {07352AFC-E5E3-41E3-8BE7-5FD860F3614F}
		{2C43BDA1-C780-4F6C-9B4E-1E349D207CF9} = {07352AFC-E5E3-41E3-8BE7-5FD860F3614F}
	EndGlobalSection
	GlobalSection(ExtensibilityGlobals) = postSolution
		SolutionGuid = {151CB3C6-142A-4E0E-9DCA-543BEE3930AD}
	EndGlobalSection
EndGlobal
